
Microsoft Visual Studio Solution File, Format Version 12.00
# Visual Studio Version 17
VisualStudioVersion = 17.1.32407.343
MinimumVisualStudioVersion = 10.0.40219.1
Project("{2150E333-8FDC-42A3-9474-1A3956D46DE8}") = "src", "src", "{55CE2710-415D-4A84-B678-80D9D0FA1D89}"
EndProject
Project("{2150E333-8FDC-42A3-9474-1A3956D46DE8}") = "test", "test", "{DACFCFCE-47BF-4267-B46A-35432BD2AE24}"
EndProject
Project("{FAE04EC0-301F-11D3-BF4B-00C04F79EFBC}") = "RaqamliAvlod.Api", "src/RaqamliAvlod.Api\RaqamliAvlod.Api.csproj", "{E15763E6-4C11-4D56-B876-D18666F126F7}"
EndProject
Project("{FAE04EC0-301F-11D3-BF4B-00C04F79EFBC}") = "RaqamliAvlod.Domain", "src/RaqamliAvlod.Domain\RaqamliAvlod.Domain.csproj", "{26899A91-94A7-4E79-9247-A7BF89856289}"
EndProject
Project("{FAE04EC0-301F-11D3-BF4B-00C04F79EFBC}") = "RaqamliAvlod.Application", "src/RaqamliAvlod.Application\RaqamliAvlod.Application.csproj", "{7CA900B4-6CFD-4A62-B3B3-0096FC3420DF}"
EndProject
Project("{FAE04EC0-301F-11D3-BF4B-00C04F79EFBC}") = "RaqamliAvlod.DataAccess", "src/RaqamliAvlod.DataAccess\RaqamliAvlod.DataAccess.csproj", "{66620BEE-398C-4805-A527-9C1CA7AA7E86}"
EndProject
Project("{FAE04EC0-301F-11D3-BF4B-00C04F79EFBC}") = "RaqamliAvlod.Service", "src/RaqamliAvlod.Service\RaqamliAvlod.Service.csproj", "{BCEE43AA-A7DB-47F4-B771-9C827C5FE257}"
EndProject
Project("{FAE04EC0-301F-11D3-BF4B-00C04F79EFBC}") = "RaqamliAvlod.UnitTest", "test/RaqamliAvlod.UnitTest\RaqamliAvlod.UnitTest.csproj", "{851E67BC-8F6F-4CFF-B6C2-08210ED95635}"
EndProject
Global
	GlobalSection(SolutionConfigurationPlatforms) = preSolution
		Debug|Any CPU = Debug|Any CPU
		Release|Any CPU = Release|Any CPU
	EndGlobalSection
	GlobalSection(ProjectConfigurationPlatforms) = postSolution
		{E15763E6-4C11-4D56-B876-D18666F126F7}.Debug|Any CPU.ActiveCfg = Debug|Any CPU
		{E15763E6-4C11-4D56-B876-D18666F126F7}.Debug|Any CPU.Build.0 = Debug|Any CPU
		{E15763E6-4C11-4D56-B876-D18666F126F7}.Release|Any CPU.ActiveCfg = Release|Any CPU
		{E15763E6-4C11-4D56-B876-D18666F126F7}.Release|Any CPU.Build.0 = Release|Any CPU
		{26899A91-94A7-4E79-9247-A7BF89856289}.Debug|Any CPU.ActiveCfg = Debug|Any CPU
		{26899A91-94A7-4E79-9247-A7BF89856289}.Debug|Any CPU.Build.0 = Debug|Any CPU
		{26899A91-94A7-4E79-9247-A7BF89856289}.Release|Any CPU.ActiveCfg = Release|Any CPU
		{26899A91-94A7-4E79-9247-A7BF89856289}.Release|Any CPU.Build.0 = Release|Any CPU
		{7CA900B4-6CFD-4A62-B3B3-0096FC3420DF}.Debug|Any CPU.ActiveCfg = Debug|Any CPU
		{7CA900B4-6CFD-4A62-B3B3-0096FC3420DF}.Debug|Any CPU.Build.0 = Debug|Any CPU
		{7CA900B4-6CFD-4A62-B3B3-0096FC3420DF}.Release|Any CPU.ActiveCfg = Release|Any CPU
		{7CA900B4-6CFD-4A62-B3B3-0096FC3420DF}.Release|Any CPU.Build.0 = Release|Any CPU
		{66620BEE-398C-4805-A527-9C1CA7AA7E86}.Debug|Any CPU.ActiveCfg = Debug|Any CPU
		{66620BEE-398C-4805-A527-9C1CA7AA7E86}.Debug|Any CPU.Build.0 = Debug|Any CPU
		{66620BEE-398C-4805-A527-9C1CA7AA7E86}.Release|Any CPU.ActiveCfg = Release|Any CPU
		{66620BEE-398C-4805-A527-9C1CA7AA7E86}.Release|Any CPU.Build.0 = Release|Any CPU
		{BCEE43AA-A7DB-47F4-B771-9C827C5FE257}.Debug|Any CPU.ActiveCfg = Debug|Any CPU
		{BCEE43AA-A7DB-47F4-B771-9C827C5FE257}.Debug|Any CPU.Build.0 = Debug|Any CPU
		{BCEE43AA-A7DB-47F4-B771-9C827C5FE257}.Release|Any CPU.ActiveCfg = Release|Any CPU
		{BCEE43AA-A7DB-47F4-B771-9C827C5FE257}.Release|Any CPU.Build.0 = Release|Any CPU
		{851E67BC-8F6F-4CFF-B6C2-08210ED95635}.Debug|Any CPU.ActiveCfg = Debug|Any CPU
		{851E67BC-8F6F-4CFF-B6C2-08210ED95635}.Debug|Any CPU.Build.0 = Debug|Any CPU
		{851E67BC-8F6F-4CFF-B6C2-08210ED95635}.Release|Any CPU.ActiveCfg = Release|Any CPU
		{851E67BC-8F6F-4CFF-B6C2-08210ED95635}.Release|Any CPU.Build.0 = Release|Any CPU
	EndGlobalSection
	GlobalSection(SolutionProperties) = preSolution
		HideSolutionNode = FALSE
	EndGlobalSection
	GlobalSection(NestedProjects) = preSolution
		{E15763E6-4C11-4D56-B876-D18666F126F7} = {55CE2710-415D-4A84-B678-80D9D0FA1D89}
		{26899A91-94A7-4E79-9247-A7BF89856289} = {55CE2710-415D-4A84-B678-80D9D0FA1D89}
		{7CA900B4-6CFD-4A62-B3B3-0096FC3420DF} = {55CE2710-415D-4A84-B678-80D9D0FA1D89}
		{66620BEE-398C-4805-A527-9C1CA7AA7E86} = {55CE2710-415D-4A84-B678-80D9D0FA1D89}
		{BCEE43AA-A7DB-47F4-B771-9C827C5FE257} = {55CE2710-415D-4A84-B678-80D9D0FA1D89}
		{851E67BC-8F6F-4CFF-B6C2-08210ED95635} = {DACFCFCE-47BF-4267-B46A-35432BD2AE24}
	EndGlobalSection
	GlobalSection(ExtensibilityGlobals) = postSolution
		SolutionGuid = {77559A04-F95E-432C-B361-191485BE084F}
	EndGlobalSection
EndGlobal
